
Microsoft Visual Studio Solution File, Format Version 12.00
# Visual Studio Version 16
VisualStudioVersion = 16.0.31702.278
MinimumVisualStudioVersion = 10.0.40219.1
Project("{8BC9CEB8-8B4A-11D0-8D11-00A0C91BC942}") = "Lab. work 1", "Lab. work 1\Lab. work 1.vcxproj", "{8BACAC51-1328-421C-8587-FBAB3B6A9BFA}"
EndProject
Project("{8BC9CEB8-8B4A-11D0-8D11-00A0C91BC942}") = "Lab. work 2", "Lab. work 2\Lab. work 2.vcxproj", "{C09CBAB8-FE2F-46AE-BB70-FC28EBC6EDB1}"
EndProject
Project("{8BC9CEB8-8B4A-11D0-8D11-00A0C91BC942}") = "Lab. work 3", "Lab. work 3\Lab. work 3.vcxproj", "{C3E3640C-56D8-4BCA-A2BD-1D3CED3309F5}"
EndProject
Project("{8BC9CEB8-8B4A-11D0-8D11-00A0C91BC942}") = "Lab. work 4", "Lab. work 4\Lab. work 4.vcxproj", "{43149450-D167-4720-8260-EBE2BB551511}"
EndProject
Project("{8BC9CEB8-8B4A-11D0-8D11-00A0C91BC942}") = "Lab. work 5", "Lab. work 5\Lab. work 5.vcxproj", "{7327D441-8D32-4075-8BCA-2B8774E26F21}"
EndProject
Project("{8BC9CEB8-8B4A-11D0-8D11-00A0C91BC942}") = "Lab. work 6", "Lab. work 6\Lab. work 6.vcxproj", "{A1287216-78B0-4B97-A78F-D6A83ED16FCF}"
EndProject
Project("{8BC9CEB8-8B4A-11D0-8D11-00A0C91BC942}") = "Libs", "Libs\Libs.vcxproj", "{82B16B20-E392-4E48-AF77-30EE7E03FC3A}"
EndProject
Project("{8BC9CEB8-8B4A-11D0-8D11-00A0C91BC942}") = "Lab. work 7", "Lab. work 7\Lab. work 7.vcxproj", "{9998DC99-C9B9-4982-B238-FFA7DE02E207}"
EndProject
Global
	GlobalSection(SolutionConfigurationPlatforms) = preSolution
		Debug|x64 = Debug|x64
		Debug|x86 = Debug|x86
		Release|x64 = Release|x64
		Release|x86 = Release|x86
	EndGlobalSection
	GlobalSection(ProjectConfigurationPlatforms) = postSolution
		{8BACAC51-1328-421C-8587-FBAB3B6A9BFA}.Debug|x64.ActiveCfg = Debug|Win32
		{8BACAC51-1328-421C-8587-FBAB3B6A9BFA}.Debug|x64.Build.0 = Debug|Win32
		{8BACAC51-1328-421C-8587-FBAB3B6A9BFA}.Debug|x86.ActiveCfg = Debug|Win32
		{8BACAC51-1328-421C-8587-FBAB3B6A9BFA}.Debug|x86.Build.0 = Debug|Win32
		{8BACAC51-1328-421C-8587-FBAB3B6A9BFA}.Release|x64.ActiveCfg = Release|Win32
		{8BACAC51-1328-421C-8587-FBAB3B6A9BFA}.Release|x64.Build.0 = Release|Win32
		{8BACAC51-1328-421C-8587-FBAB3B6A9BFA}.Release|x86.ActiveCfg = Release|Win32
		{8BACAC51-1328-421C-8587-FBAB3B6A9BFA}.Release|x86.Build.0 = Release|Win32
		{C09CBAB8-FE2F-46AE-BB70-FC28EBC6EDB1}.Debug|x64.ActiveCfg = Debug|Win32
		{C09CBAB8-FE2F-46AE-BB70-FC28EBC6EDB1}.Debug|x64.Build.0 = Debug|Win32
		{C09CBAB8-FE2F-46AE-BB70-FC28EBC6EDB1}.Debug|x86.ActiveCfg = Debug|Win32
		{C09CBAB8-FE2F-46AE-BB70-FC28EBC6EDB1}.Debug|x86.Build.0 = Debug|Win32
		{C09CBAB8-FE2F-46AE-BB70-FC28EBC6EDB1}.Release|x64.ActiveCfg = Release|Win32
		{C09CBAB8-FE2F-46AE-BB70-FC28EBC6EDB1}.Release|x64.Build.0 = Release|Win32
		{C09CBAB8-FE2F-46AE-BB70-FC28EBC6EDB1}.Release|x86.ActiveCfg = Release|Win32
		{C09CBAB8-FE2F-46AE-BB70-FC28EBC6EDB1}.Release|x86.Build.0 = Release|Win32
		{C3E3640C-56D8-4BCA-A2BD-1D3CED3309F5}.Debug|x64.ActiveCfg = Debug|Win32
		{C3E3640C-56D8-4BCA-A2BD-1D3CED3309F5}.Debug|x64.Build.0 = Debug|Win32
		{C3E3640C-56D8-4BCA-A2BD-1D3CED3309F5}.Debug|x86.ActiveCfg = Debug|Win32
		{C3E3640C-56D8-4BCA-A2BD-1D3CED3309F5}.Debug|x86.Build.0 = Debug|Win32
		{C3E3640C-56D8-4BCA-A2BD-1D3CED3309F5}.Release|x64.ActiveCfg = Release|Win32
		{C3E3640C-56D8-4BCA-A2BD-1D3CED3309F5}.Release|x64.Build.0 = Release|Win32
		{C3E3640C-56D8-4BCA-A2BD-1D3CED3309F5}.Release|x86.ActiveCfg = Release|Win32
		{C3E3640C-56D8-4BCA-A2BD-1D3CED3309F5}.Release|x86.Build.0 = Release|Win32
		{43149450-D167-4720-8260-EBE2BB551511}.Debug|x64.ActiveCfg = Debug|Win32
		{43149450-D167-4720-8260-EBE2BB551511}.Debug|x64.Build.0 = Debug|Win32
		{43149450-D167-4720-8260-EBE2BB551511}.Debug|x86.ActiveCfg = Debug|Win32
		{43149450-D167-4720-8260-EBE2BB551511}.Debug|x86.Build.0 = Debug|Win32
		{43149450-D167-4720-8260-EBE2BB551511}.Release|x64.ActiveCfg = Release|Win32
		{43149450-D167-4720-8260-EBE2BB551511}.Release|x64.Build.0 = Release|Win32
		{43149450-D167-4720-8260-EBE2BB551511}.Release|x86.ActiveCfg = Release|Win32
		{43149450-D167-4720-8260-EBE2BB551511}.Release|x86.Build.0 = Release|Win32
		{7327D441-8D32-4075-8BCA-2B8774E26F21}.Debug|x64.ActiveCfg = Debug|x64
		{7327D441-8D32-4075-8BCA-2B8774E26F21}.Debug|x64.Build.0 = Debug|x64
		{7327D441-8D32-4075-8BCA-2B8774E26F21}.Debug|x86.ActiveCfg = Debug|Win32
		{7327D441-8D32-4075-8BCA-2B8774E26F21}.Debug|x86.Build.0 = Debug|Win32
		{7327D441-8D32-4075-8BCA-2B8774E26F21}.Release|x64.ActiveCfg = Release|x64
		{7327D441-8D32-4075-8BCA-2B8774E26F21}.Release|x64.Build.0 = Release|x64
		{7327D441-8D32-4075-8BCA-2B8774E26F21}.Release|x86.ActiveCfg = Release|Win32
		{7327D441-8D32-4075-8BCA-2B8774E26F21}.Release|x86.Build.0 = Release|Win32
		{A1287216-78B0-4B97-A78F-D6A83ED16FCF}.Debug|x64.ActiveCfg = Debug|x64
		{A1287216-78B0-4B97-A78F-D6A83ED16FCF}.Debug|x64.Build.0 = Debug|x64
		{A1287216-78B0-4B97-A78F-D6A83ED16FCF}.Debug|x86.ActiveCfg = Debug|Win32
		{A1287216-78B0-4B97-A78F-D6A83ED16FCF}.Debug|x86.Build.0 = Debug|Win32
		{A1287216-78B0-4B97-A78F-D6A83ED16FCF}.Release|x64.ActiveCfg = Release|x64
		{A1287216-78B0-4B97-A78F-D6A83ED16FCF}.Release|x64.Build.0 = Release|x64
		{A1287216-78B0-4B97-A78F-D6A83ED16FCF}.Release|x86.ActiveCfg = Release|Win32
		{A1287216-78B0-4B97-A78F-D6A83ED16FCF}.Release|x86.Build.0 = Release|Win32
		{82B16B20-E392-4E48-AF77-30EE7E03FC3A}.Debug|x64.ActiveCfg = Debug|x64
		{82B16B20-E392-4E48-AF77-30EE7E03FC3A}.Debug|x64.Build.0 = Debug|x64
		{82B16B20-E392-4E48-AF77-30EE7E03FC3A}.Debug|x86.ActiveCfg = Debug|Win32
		{82B16B20-E392-4E48-AF77-30EE7E03FC3A}.Debug|x86.Build.0 = Debug|Win32
		{82B16B20-E392-4E48-AF77-30EE7E03FC3A}.Release|x64.ActiveCfg = Release|x64
		{82B16B20-E392-4E48-AF77-30EE7E03FC3A}.Release|x64.Build.0 = Release|x64
		{82B16B20-E392-4E48-AF77-30EE7E03FC3A}.Release|x86.ActiveCfg = Release|Win32
		{82B16B20-E392-4E48-AF77-30EE7E03FC3A}.Release|x86.Build.0 = Release|Win32
		{9998DC99-C9B9-4982-B238-FFA7DE02E207}.Debug|x64.ActiveCfg = Debug|x64
		{9998DC99-C9B9-4982-B238-FFA7DE02E207}.Debug|x64.Build.0 = Debug|x64
		{9998DC99-C9B9-4982-B238-FFA7DE02E207}.Debug|x86.ActiveCfg = Debug|Win32
		{9998DC99-C9B9-4982-B238-FFA7DE02E207}.Debug|x86.Build.0 = Debug|Win32
		{9998DC99-C9B9-4982-B238-FFA7DE02E207}.Release|x64.ActiveCfg = Release|x64
		{9998DC99-C9B9-4982-B238-FFA7DE02E207}.Release|x64.Build.0 = Release|x64
		{9998DC99-C9B9-4982-B238-FFA7DE02E207}.Release|x86.ActiveCfg = Release|Win32
		{9998DC99-C9B9-4982-B238-FFA7DE02E207}.Release|x86.Build.0 = Release|Win32
	EndGlobalSection
	GlobalSection(SolutionProperties) = preSolution
		HideSolutionNode = FALSE
	EndGlobalSection
	GlobalSection(ExtensibilityGlobals) = postSolution
		SolutionGuid = {13FFF40C-C34D-4B1F-A42E-1FB6066A6403}
	EndGlobalSection
EndGlobal
